# This file is automatically @generated by Cargo.
# It is not intended for manual editing.
[[package]]
name = "command"
version = "0.1.0"
dependencies = [
 "ring_buffer",
]

[[package]]
name = "ring_buffer"
version = "0.1.0"
source = "git+https://github.com/lainera/ring_buffer#99e0f231a7551771f701715208ce3c2dacf8954c"
